
Microsoft Visual Studio Solution File, Format Version 12.00
# Visual Studio Version 16
VisualStudioVersion = 16.0.31112.23
MinimumVisualStudioVersion = 10.0.40219.1
Project("{FAE04EC0-301F-11D3-BF4B-00C04F79EFBC}") = "SEAL", "SEAL.csproj", "{4CDDE535-F14A-4F59-BA05-30D604C311DD}"
EndProject
Global
	GlobalSection(SolutionConfigurationPlatforms) = preSolution
		Debug|Any CPU = Debug|Any CPU
		Release|Any CPU = Release|Any CPU
	EndGlobalSection
	GlobalSection(ProjectConfigurationPlatforms) = postSolution
		{4CDDE535-F14A-4F59-BA05-30D604C311DD}.Debug|Any CPU.ActiveCfg = Debug|Any CPU
		{4CDDE535-F14A-4F59-BA05-30D604C311DD}.Debug|Any CPU.Build.0 = Debug|Any CPU
		{4CDDE535-F14A-4F59-BA05-30D604C311DD}.Release|Any CPU.ActiveCfg = Release|Any CPU
		{4CDDE535-F14A-4F59-BA05-30D604C311DD}.Release|Any CPU.Build.0 = Release|Any CPU
	EndGlobalSection
	GlobalSection(SolutionProperties) = preSolution
		HideSolutionNode = FALSE
	EndGlobalSection
	GlobalSection(ExtensibilityGlobals) = postSolution
		SolutionGuid = {0D2CD81B-603F-4034-B6D2-BD00A5D37E72}
	EndGlobalSection
EndGlobal
